github.com/dusted-go/config v1.0.0 h1:G/zz/CJC9//ZBEDdFyMK5RQ5dnE0i7LHeoOs6q+yzKk=
github.com/dusted-go/config v1.0.0/go.mod h1:dEaLb35jkv7uUQ1/oKRIPORF2r4lXTBDi6FD5eMRtVE=
github.com/dusted-go/diagnostic/v3 v3.1.0 h1:ZGG26XHXzMco3s00ZxnjMq2Lpy8e5cKRstJFHHg+1ow=
github.com/dusted-go/diagnostic/v3 v3.1.0/go.mod h1:5w3R8+izm02E6YU0BlFrZ0oHp8x1yw7/3nSItz9Lanc=
github.com/dusted-go/fault v1.4.0 h1:iWhVBH1IluFzTe5GXuUYnV5Pdek+DtCsbKFJwrozUOY=
github.com/dusted-go/fault v1.4.0/go.mod h1:Lk3b6220V5WGPrLaAaBOpsA7qjogVj5f+76orT9ImCY=
github.com/dusted-go/http/v3 v3.14.0 h1:UKeQSkEVGUmE6kvrwmNgv6Yzm4wxKXYYC8B31EDCNbc=
github.com/dusted-go/http/v3 v3.14.0/go.mod h1:RIF5TLu7wWCu2GHbVMMgtTClPTDVJz63UTWkiilX83w=
github.com/dusted-go/http/v3 v3.15.0 h1:pu3bYM31yxItVa78ouZfslDU91KTjtNYoFeVSr8qTlI=
github.com/dusted-go/http/v3 v3.15.0/go.mod h1:RIF5TLu7wWCu2GHbVMMgtTClPTDVJz63UTWkiilX83w=
github.com/dusted-go/http/v3 v3.16.0 h1:Ogs6zrfi9mTiLUUg52x5b7o3k2YdPfKojwx1YjozalI=
github.com/dusted-go/http/v3 v3.16.0/go.mod h1:RIF5TLu7wWCu2GHbVMMgtTClPTDVJz63UTWkiilX83w=
github.com/dusted-go/utils v1.17.0 h1:lS4BpeaMFdUFtWAgQqf/JjBDGxYZUzBK6kEmefWnWoM=
github.com/dusted-go/utils v1.17.0/go.mod h1:yQjwKRaqeWuFBDb8cKPiOTzceP/5TMJUYcrkHPFACJE=
github.com/golang/protobuf v1.5.0/go.mod h1:FsONVRAS9T7sI+LIUmWTfcYkHO4aIWwzhcaSAoJOfIk=
github.com/golang/protobuf v1.5.2 h1:ROPKBNFfQgOUMifHyP+KYbvpjbdoFNs+aK7DXlji0Tw=
github.com/golang/protobuf v1.5.2/go.mod h1:XVQd3VNwM+JqD3oG2Ue2ip4fOMUkwXdXDdiuN0vRsmY=
github.com/google/go-cmp v0.5.5/go.mod h1:v8dTdLbMG2kIc/vJvl+f65V22dbkXbowE6jgT/gNBxE=
github.com/google/go-cmp v0.5.9 h1:O2Tfq5qg4qc4AmwVlvv0oLiVAGB7enBSJ2x2DqQFi38=
github.com/tdewolff/minify v2.3.6+incompatible h1:2hw5/9ZvxhWLvBUnHE06gElGYz+Jv9R4Eys0XUzItYo=
github.com/tdewolff/minify v2.3.6+incompatible/go.mod h1:9Ov578KJUmAWpS6NeZwRZyT56Uf6o3Mcz9CEsg8USYs=
github.com/tdewolff/parse v2.3.4+incompatible h1:x05/cnGwIMf4ceLuDMBOdQ1qGniMoxpP46ghf0Qzh38=
github.com/tdewolff/parse v2.3.4+incompatible/go.mod h1:8oBwCsVmUkgHO8M5iCzSIDtpzXOT0WXX9cWhz+bIzJQ=
github.com/tdewolff/test v1.0.7 h1:8Vs0142DmPFW/bQeHRP3MV19m1gvndjUb1sn8yy74LM=
github.com/yuin/goldmark v1.5.2 h1:ALmeCk/px5FSm1MAcFBAsVKZjDuMVj8Tm7FFIlMJnqU=
github.com/yuin/goldmark v1.5.2/go.mod h1:6yULJ656Px+3vBD8DxQVa3kxgyrAnzto9xy5taEt/CY=
golang.org/x/net v0.0.0-20221004154528-8021a29435af h1:wv66FM3rLZGPdxpYL+ApnDe2HzHcTFta3z5nsc13wI4=
golang.org/x/sys v0.0.0-20221010170243-090e33056c14 h1:k5II8e6QD8mITdi+okbbmR/cIyEbeXLBhy5Ha4nevyc=
golang.org/x/text v0.3.7 h1:olpwvP2KacW1ZWvsR7uQhoyTYvKAupfQrRGBFM352Gk=
golang.org/x/xerrors v0.0.0-20191204190536-9bdfabe68543/go.mod h1:I/5z698sn9Ka8TeJc9MKroUUfqBBauWjQqLJ2OPfmY0=
google.golang.org/genproto v0.0.0-20221010155953-15ba04fc1c0e h1:halCgTFuLWDRD61piiNSxPsARANGD3Xl16hPrLgLiIg=
google.golang.org/genproto v0.0.0-20221010155953-15ba04fc1c0e/go.mod h1:3526vdqwhZAwq4wsRUaVG555sVgsNmIjRtO7t/JH29U=
google.golang.org/grpc v1.50.0 h1:fPVVDxY9w++VjTZsYvXWqEf9Rqar/e+9zYfxKK+W+YU=
google.golang.org/grpc v1.50.0/go.mod h1:ZgQEeidpAuNRZ8iRrlBKXZQP1ghovWIVhdJRyCDK+GI=
google.golang.org/protobuf v1.26.0-rc.1/go.mod h1:jlhhOSvTdKEhbULTjvd4ARK9grFBp09yW+WbY/TyQbw=
google.golang.org/protobuf v1.26.0/go.mod h1:9q0QmTI4eRPtz6boOQmLYwt+qCgq0jsYwAQnmE0givc=
google.golang.org/protobuf v1.28.1 h1:d0NfwRgPtno5B1Wa6L2DAG+KivqkdutMf1UhdNx175w=
google.golang.org/protobuf v1.28.1/go.mod h1:HV8QOd/L58Z+nl8r43ehVNZIU/HEI6OcFqwMG9pJV4I=
